// !$*UTF8*$!
{
	archiveVersion = 1;
	classes = {
	};
	objectVersion = 48;
	objects = {

/* Begin PBXBuildFile section */
		863DC33020221722002179F6 /* AppDelegate.swift in Sources */ = {isa = PBXBuildFile; fileRef = 863DC32F20221722002179F6 /* AppDelegate.swift */; };
		863DC33220221722002179F6 /* art.scnassets in Resources */ = {isa = PBXBuildFile; fileRef = 863DC33120221722002179F6 /* art.scnassets */; };
		863DC33420221722002179F6 /* RampPlacerViewController.swift in Sources */ = {isa = PBXBuildFile; fileRef = 863DC33320221722002179F6 /* RampPlacerViewController.swift */; };
		863DC33720221722002179F6 /* Main.storyboard in Resources */ = {isa = PBXBuildFile; fileRef = 863DC33520221722002179F6 /* Main.storyboard */; };
		863DC33920221722002179F6 /* Assets.xcassets in Resources */ = {isa = PBXBuildFile; fileRef = 863DC33820221722002179F6 /* Assets.xcassets */; };
		863DC33C20221722002179F6 /* LaunchScreen.storyboard in Resources */ = {isa = PBXBuildFile; fileRef = 863DC33A20221722002179F6 /* LaunchScreen.storyboard */; };
		863DC34520221F62002179F6 /* RampPickerViewController.swift in Sources */ = {isa = PBXBuildFile; fileRef = 863DC34420221F62002179F6 /* RampPickerViewController.swift */; };
/* End PBXBuildFile section */

/* Begin PBXFileReference section */
		863DC32C20221722002179F6 /* RamUp.app */ = {isa = PBXFileReference; explicitFileType = wrapper.application; includeInIndex = 0; path = RamUp.app; sourceTree = BUILT_PRODUCTS_DIR; };
		863DC32F20221722002179F6 /* AppDelegate.swift */ = {isa = PBXFileReference; lastKnownFileType = sourcecode.swift; path = AppDelegate.swift; sourceTree = "<group>"; };
		863DC33120221722002179F6 /* art.scnassets */ = {isa = PBXFileReference; lastKnownFileType = wrapper.scnassets; path = art.scnassets; sourceTree = "<group>"; };
		863DC33320221722002179F6 /* RampPlacerViewController.swift */ = {isa = PBXFileReference; lastKnownFileType = sourcecode.swift; path = RampPlacerViewController.swift; sourceTree = "<group>"; };
		863DC33620221722002179F6 /* Base */ = {isa = PBXFileReference; lastKnownFileType = file.storyboard; name = Base; path = Base.lproj/Main.storyboard; sourceTree = "<group>"; };
		863DC33820221722002179F6 /* Assets.xcassets */ = {isa = PBXFileReference; lastKnownFileType = folder.assetcatalog; path = Assets.xcassets; sourceTree = "<group>"; };
		863DC33B20221722002179F6 /* Base */ = {isa = PBXFileReference; lastKnownFileType = file.storyboard; name = Base; path = Base.lproj/LaunchScreen.storyboard; sourceTree = "<group>"; };
		863DC33D20221722002179F6 /* Info.plist */ = {isa = PBXFileReference; lastKnownFileType = text.plist.xml; path = Info.plist; sourceTree = "<group>"; };
		863DC34420221F62002179F6 /* RampPickerViewController.swift */ = {isa = PBXFileReference; lastKnownFileType = sourcecode.swift; path = RampPickerViewController.swift; sourceTree = "<group>"; };
/* End PBXFileReference section */

/* Begin PBXFrameworksBuildPhase section */
		863DC32920221722002179F6 /* Frameworks */ = {
			isa = PBXFrameworksBuildPhase;
			buildActionMask = 2147483647;
			files = (
			);
			runOnlyForDeploymentPostprocessing = 0;
		};
/* End PBXFrameworksBuildPhase section */

/* Begin PBXGroup section */
		863DC32320221722002179F6 = {
			isa = PBXGroup;
			children = (
				863DC32E20221722002179F6 /* RamUp */,
				863DC32D20221722002179F6 /* Products */,
			);
			sourceTree = "<group>";
		};
		863DC32D20221722002179F6 /* Products */ = {
			isa = PBXGroup;
			children = (
				863DC32C20221722002179F6 /* RamUp.app */,
			);
			name = Products;
			sourceTree = "<group>";
		};
		863DC32E20221722002179F6 /* RamUp */ = {
			isa = PBXGroup;
			children = (
				863DC34320221960002179F6 /* Controller */,
				863DC32F20221722002179F6 /* AppDelegate.swift */,
				863DC33120221722002179F6 /* art.scnassets */,
				863DC33520221722002179F6 /* Main.storyboard */,
				863DC33820221722002179F6 /* Assets.xcassets */,
				863DC33A20221722002179F6 /* LaunchScreen.storyboard */,
				863DC33D20221722002179F6 /* Info.plist */,
			);
			path = RamUp;
			sourceTree = "<group>";
		};
		863DC34320221960002179F6 /* Controller */ = {
			isa = PBXGroup;
			children = (
				863DC33320221722002179F6 /* RampPlacerViewController.swift */,
				863DC34420221F62002179F6 /* RampPickerViewController.swift */,
			);
			path = Controller;
			sourceTree = "<group>";
		};
/* End PBXGroup section */

/* Begin PBXNativeTarget section */
		863DC32B20221722002179F6 /* RamUp */ = {
			isa = PBXNativeTarget;
			buildConfigurationList = 863DC34020221722002179F6 /* Build configuration list for PBXNativeTarget "RamUp" */;
			buildPhases = (
				863DC32820221722002179F6 /* Sources */,
				863DC32920221722002179F6 /* Frameworks */,
				863DC32A20221722002179F6 /* Resources */,
			);
			buildRules = (
			);
			dependencies = (
			);
			name = RamUp;
			productName = RamUp;
			productReference = 863DC32C20221722002179F6 /* RamUp.app */;
			productType = "com.apple.product-type.application";
		};
/* End PBXNativeTarget section */

/* Begin PBXProject section */
		863DC32420221722002179F6 /* Project object */ = {
			isa = PBXProject;
			attributes = {
				LastSwiftUpdateCheck = 0920;
				LastUpgradeCheck = 0920;
				ORGANIZATIONNAME = "Mélodie Benmouffek";
				TargetAttributes = {
					863DC32B20221722002179F6 = {
						CreatedOnToolsVersion = 9.2;
						ProvisioningStyle = Automatic;
					};
				};
			};
			buildConfigurationList = 863DC32720221722002179F6 /* Build configuration list for PBXProject "RamUp" */;
			compatibilityVersion = "Xcode 8.0";
			developmentRegion = en;
			hasScannedForEncodings = 0;
			knownRegions = (
				en,
				Base,
			);
			mainGroup = 863DC32320221722002179F6;
			productRefGroup = 863DC32D20221722002179F6 /* Products */;
			projectDirPath = "";
			projectRoot = "";
			targets = (
				863DC32B20221722002179F6 /* RamUp */,
			);
		};
/* End PBXProject section */

/* Begin PBXResourcesBuildPhase section */
		863DC32A20221722002179F6 /* Resources */ = {
			isa = PBXResourcesBuildPhase;
			buildActionMask = 2147483647;
			files = (
				863DC33220221722002179F6 /* art.scnassets in Resources */,
				863DC33C20221722002179F6 /* LaunchScreen.storyboard in Resources */,
				863DC33920221722002179F6 /* Assets.xcassets in Resources */,
				863DC33720221722002179F6 /* Main.storyboard in Resources */,
			);
			runOnlyForDeploymentPostprocessing = 0;
		};
/* End PBXResourcesBuildPhase section */

/* Begin PBXSourcesBuildPhase section */
		863DC32820221722002179F6 /* Sources */ = {
			isa = PBXSourcesBuildPhase;
			buildActionMask = 2147483647;
			files = (
				863DC33420221722002179F6 /* RampPlacerViewController.swift in Sources */,
				863DC34520221F62002179F6 /* RampPickerViewController.swift in Sources */,
				863DC33020221722002179F6 /* AppDelegate.swift in Sources */,
			);
			runOnlyForDeploymentPostprocessing = 0;
		};
/* End PBXSourcesBuildPhase section */

/* Begin PBXVariantGroup section */
		863DC33520221722002179F6 /* Main.storyboard */ = {
			isa = PBXVariantGroup;
			children = (
				863DC33620221722002179F6 /* Base */,
			);
			name = Main.storyboard;
			sourceTree = "<group>";
		};
		863DC33A20221722002179F6 /* LaunchScreen.storyboard */ = {
			isa = PBXVariantGroup;
			children = (
				863DC33B20221722002179F6 /* Base */,
			);
			name = LaunchScreen.storyboard;
			sourceTree = "<group>";
		};
/* End PBXVariantGroup section */

/* Begin XCBuildConfiguration section */
		863DC33E20221722002179F6 /* Debug */ = {
			isa = XCBuildConfiguration;
			buildSettings = {
				ALWAYS_SEARCH_USER_PATHS = NO;
				CLANG_ANALYZER_NONNULL = YES;
				CLANG_ANALYZER_NUMBER_OBJECT_CONVERSION = YES_AGGRESSIVE;
				CLANG_CXX_LANGUAGE_STANDARD = "gnu++14";
				CLANG_CXX_LIBRARY = "libc++";
				CLANG_ENABLE_MODULES = YES;
				CLANG_ENABLE_OBJC_ARC = YES;
				CLANG_WARN_BLOCK_CAPTURE_AUTORELEASING = YES;
				CLANG_WARN_BOOL_CONVERSION = YES;
				CLANG_WARN_COMMA = YES;
				CLANG_WARN_CONSTANT_CONVERSION = YES;
				CLANG_WARN_DIRECT_OBJC_ISA_USAGE = YES_ERROR;
				CLANG_WARN_DOCUMENTATION_COMMENTS = YES;
				CLANG_WARN_EMPTY_BODY = YES;
				CLANG_WARN_ENUM_CONVERSION = YES;
				CLANG_WARN_INFINITE_RECURSION = YES;
				CLANG_WARN_INT_CONVERSION = YES;
				CLANG_WARN_NON_LITERAL_NULL_CONVERSION = YES;
				CLANG_WARN_OBJC_LITERAL_CONVERSION = YES;
				CLANG_WARN_OBJC_ROOT_CLASS = YES_ERROR;
				CLANG_WARN_RANGE_LOOP_ANALYSIS = YES;
				CLANG_WARN_STRICT_PROTOTYPES = YES;
				CLANG_WARN_SUSPICIOUS_MOVE = YES;
				CLANG_WARN_UNGUARDED_AVAILABILITY = YES_AGGRESSIVE;
				CLANG_WARN_UNREACHABLE_CODE = YES;
				CLANG_WARN__DUPLICATE_METHOD_MATCH = YES;
				CODE_SIGN_IDENTITY = "iPhone Developer";
				COPY_PHASE_STRIP = NO;
				DEBUG_INFORMATION_FORMAT = dwarf;
				ENABLE_STRICT_OBJC_MSGSEND = YES;
				ENABLE_TESTABILITY = YES;
				GCC_C_LANGUAGE_STANDARD = gnu11;
				GCC_DYNAMIC_NO_PIC = NO;
				GCC_NO_COMMON_BLOCKS = YES;
				GCC_OPTIMIZATION_LEVEL = 0;
				GCC_PREPROCESSOR_DEFINITIONS = (
					"DEBUG=1",
					"$(inherited)",
				);
				GCC_WARN_64_TO_32_BIT_CONVERSION = YES;
				GCC_WARN_ABOUT_RETURN_TYPE = YES_ERROR;
				GCC_WARN_UNDECLARED_SELECTOR = YES;
				GCC_WARN_UNINITIALIZED_AUTOS = YES_AGGRESSIVE;
				GCC_WARN_UNUSED_FUNCTION = YES;
				GCC_WARN_UNUSED_VARIABLE = YES;
				IPHONEOS_DEPLOYMENT_TARGET = 11.2;
				MTL_ENABLE_DEBUG_INFO = YES;
				ONLY_ACTIVE_ARCH = YES;
				SDKROOT = iphoneos;
				SWIFT_ACTIVE_COMPILATION_CONDITIONS = DEBUG;
				SWIFT_OPTIMIZATION_LEVEL = "-Onone";
			};
			name = Debug;
		};
		863DC33F20221722002179F6 /* Release */ = {
			isa = XCBuildConfiguration;
			buildSettings = {
				ALWAYS_SEARCH_USER_PATHS = NO;
				CLANG_ANALYZER_NONNULL = YES;
				CLANG_ANALYZER_NUMBER_OBJECT_CONVERSION = YES_AGGRESSIVE;
				CLANG_CXX_LANGUAGE_STANDARD = "gnu++14";
				CLANG_CXX_LIBRARY = "libc++";
				CLANG_ENABLE_MODULES = YES;
				CLANG_ENABLE_OBJC_ARC = YES;
				CLANG_WARN_BLOCK_CAPTURE_AUTORELEASING = YES;
				CLANG_WARN_BOOL_CONVERSION = YES;
				CLANG_WARN_COMMA = YES;
				CLANG_WARN_CONSTANT_CONVERSION = YES;
				CLANG_WARN_DIRECT_OBJC_ISA_USAGE = YES_ERROR;
				CLANG_WARN_DOCUMENTATION_COMMENTS = YES;
				CLANG_WARN_EMPTY_BODY = YES;
				CLANG_WARN_ENUM_CONVERSION = YES;
				CLANG_WARN_INFINITE_RECURSION = YES;
				CLANG_WARN_INT_CONVERSION = YES;
				CLANG_WARN_NON_LITERAL_NULL_CONVERSION = YES;
				CLANG_WARN_OBJC_LITERAL_CONVERSION = YES;
				CLANG_WARN_OBJC_ROOT_CLASS = YES_ERROR;
				CLANG_WARN_RANGE_LOOP_ANALYSIS = YES;
				CLANG_WARN_STRICT_PROTOTYPES = YES;
				CLANG_WARN_SUSPICIOUS_MOVE = YES;
				CLANG_WARN_UNGUARDED_AVAILABILITY = YES_AGGRESSIVE;
				CLANG_WARN_UNREACHABLE_CODE = YES;
				CLANG_WARN__DUPLICATE_METHOD_MATCH = YES;
				CODE_SIGN_IDENTITY = "iPhone Developer";
				COPY_PHASE_STRIP = NO;
				DEBUG_INFORMATION_FORMAT = "dwarf-with-dsym";
				ENABLE_NS_ASSERTIONS = NO;
				ENABLE_STRICT_OBJC_MSGSEND = YES;
				GCC_C_LANGUAGE_STANDARD = gnu11;
				GCC_NO_COMMON_BLOCKS = YES;
				GCC_WARN_64_TO_32_BIT_CONVERSION = YES;
				GCC_WARN_ABOUT_RETURN_TYPE = YES_ERROR;
				GCC_WARN_UNDECLARED_SELECTOR = YES;
				GCC_WARN_UNINITIALIZED_AUTOS = YES_AGGRESSIVE;
				GCC_WARN_UNUSED_FUNCTION = YES;
				GCC_WARN_UNUSED_VARIABLE = YES;
				IPHONEOS_DEPLOYMENT_TARGET = 11.2;
				MTL_ENABLE_DEBUG_INFO = NO;
				SDKROOT = iphoneos;
				SWIFT_OPTIMIZATION_LEVEL = "-Owholemodule";
				VALIDATE_PRODUCT = YES;
			};
			name = Release;
		};
		863DC34120221722002179F6 /* Debug */ = {
			isa = XCBuildConfiguration;
			buildSettings = {
				ASSETCATALOG_COMPILER_APPICON_NAME = AppIcon;
				CODE_SIGN_STYLE = Automatic;
				DEVELOPMENT_TEAM = XU5C3X4869;
				INFOPLIST_FILE = RamUp/Info.plist;
				LD_RUNPATH_SEARCH_PATHS = "$(inherited) @executable_path/Frameworks";
				PRODUCT_BUNDLE_IDENTIFIER = MyCompany.RamUp;
				PRODUCT_NAME = "$(TARGET_NAME)";
				SWIFT_VERSION = 4.0;
				TARGETED_DEVICE_FAMILY = "1,2";
			};
			name = Debug;
		};
		863DC34220221722002179F6 /* Release */ = {
			isa = XCBuildConfiguration;
			buildSettings = {
				ASSETCATALOG_COMPILER_APPICON_NAME = AppIcon;
				CODE_SIGN_STYLE = Automatic;
				DEVELOPMENT_TEAM = XU5C3X4869;
				INFOPLIST_FILE = RamUp/Info.plist;
				LD_RUNPATH_SEARCH_PATHS = "$(inherited) @executable_path/Frameworks";
				PRODUCT_BUNDLE_IDENTIFIER = MyCompany.RamUp;
				PRODUCT_NAME = "$(TARGET_NAME)";
				SWIFT_VERSION = 4.0;
				TARGETED_DEVICE_FAMILY = "1,2";
			};
			name = Release;
		};
/* End XCBuildConfiguration section */

/* Begin XCConfigurationList section */
		863DC32720221722002179F6 /* Build configuration list for PBXProject "RamUp" */ = {
			isa = XCConfigurationList;
			buildConfigurations = (
				863DC33E20221722002179F6 /* Debug */,
				863DC33F20221722002179F6 /* Release */,
			);
			defaultConfigurationIsVisible = 0;
			defaultConfigurationName = Release;
		};
		863DC34020221722002179F6 /* Build configuration list for PBXNativeTarget "RamUp" */ = {
			isa = XCConfigurationList;
			buildConfigurations = (
				863DC34120221722002179F6 /* Debug */,
				863DC34220221722002179F6 /* Release */,
			);
			defaultConfigurationIsVisible = 0;
			defaultConfigurationName = Release;
		};
/* End XCConfigurationList section */
	};
	rootObject = 863DC32420221722002179F6 /* Project object */;
}
